{
  "name": "btree-project",
  "version": "1.0.0",
  "lockfileVersion": 3,
  "requires": true,
  "packages": {
    "": {
      "name": "btree-project",
      "version": "1.0.0",
      "dependencies": {
        "btree-good": "^1.0.1",
        "git-helper": "^2.0.0",
        "pool-lib": "^1.2.0",
        "rpc-wallet": "^3.0.0"
      }
    },
    "node_modules/btree-good": {
      "version": "1.0.1"
    },
    "node_modules/git-helper": {
      "version": "2.0.0"
    },
    "node_modules/pool-lib": {
      "version": "1.2.0"
    },
    "node_modules/rpc-wallet": {
      "version": "3.0.0"
    }
  }
}
